{
  "name": "arabizi",
  "version": "1.0.0",
  "lockfileVersion": 3,
  "requires": true,
  "packages": {
    "": {
      "name": "arabizi",
      "version": "1.0.0",
      "license": "MIT",
      "dependencies": {
        "arabizi": "^1.0.0"
      }
    },
    "node_modules/arabizi": {
      "version": "1.0.0",
      "resolved": "https://registry.npmjs.org/arabizi/-/arabizi-1.0.0.tgz",
      "integrity": "sha512-C/+Zha3ON0MJ8tHKCTMyqHLniJ9DXgOCJdERJWjM/XTPfYvLWPyQjsKEG/2Lo/Sh2uKi6CTgomH7hJ61rgEa/A=="
    }
  }
}
